
Microsoft Visual Studio Solution File, Format Version 12.00
# Visual Studio Version 16
VisualStudioVersion = 16.0.29920.165
MinimumVisualStudioVersion = 10.0.40219.1
Project("{9A19103F-16F7-4668-BE54-9A1E7A4F7556}") = "Covid19RadarAPI", "Covid19RadarAPI\Covid19RadarAPI.csproj", "{E4334DDA-FF06-42D3-BE7F-27F61B4B1C2A}"
EndProject
Project("{2150E333-8FDC-42A3-9474-1A3956D46DE8}") = "Solution Items", "Solution Items", "{5A03DD13-C0FC-4998-AFEB-74D5390C59A1}"
	ProjectSection(SolutionItems) = preProject
		Covid19Radar.Functions.runsettings = Covid19Radar.Functions.runsettings
	EndProjectSection
EndProject
Project("{9A19103F-16F7-4668-BE54-9A1E7A4F7556}") = "Covid19RadarAPI.Tests", "Covid19RadarAPI.Tests\Covid19RadarAPI.Tests.csproj", "{8E09FD63-0B4C-4CE5-AD8F-95EE7625655E}"
EndProject
Global
	GlobalSection(SolutionConfigurationPlatforms) = preSolution
		Debug|Any CPU = Debug|Any CPU
		Release|Any CPU = Release|Any CPU
	EndGlobalSection
	GlobalSection(ProjectConfigurationPlatforms) = postSolution
		{E4334DDA-FF06-42D3-BE7F-27F61B4B1C2A}.Debug|Any CPU.ActiveCfg = Debug|Any CPU
		{E4334DDA-FF06-42D3-BE7F-27F61B4B1C2A}.Debug|Any CPU.Build.0 = Debug|Any CPU
		{E4334DDA-FF06-42D3-BE7F-27F61B4B1C2A}.Release|Any CPU.ActiveCfg = Release|Any CPU
		{E4334DDA-FF06-42D3-BE7F-27F61B4B1C2A}.Release|Any CPU.Build.0 = Release|Any CPU
		{8E09FD63-0B4C-4CE5-AD8F-95EE7625655E}.Debug|Any CPU.ActiveCfg = Debug|Any CPU
		{8E09FD63-0B4C-4CE5-AD8F-95EE7625655E}.Debug|Any CPU.Build.0 = Debug|Any CPU
		{8E09FD63-0B4C-4CE5-AD8F-95EE7625655E}.Release|Any CPU.ActiveCfg = Release|Any CPU
		{8E09FD63-0B4C-4CE5-AD8F-95EE7625655E}.Release|Any CPU.Build.0 = Release|Any CPU
	EndGlobalSection
	GlobalSection(SolutionProperties) = preSolution
		HideSolutionNode = FALSE
	EndGlobalSection
	GlobalSection(ExtensibilityGlobals) = postSolution
		SolutionGuid = {CC497516-FC1C-4A98-B519-9BB1F37D84DA}
	EndGlobalSection
EndGlobal
