
Microsoft Visual Studio Solution File, Format Version 12.00
# Visual Studio Version 16
VisualStudioVersion = 16.0.30011.22
MinimumVisualStudioVersion = 10.0.40219.1
Project("{FAE04EC0-301F-11D3-BF4B-00C04F79EFBC}") = "UpdateUserStatusTool", "UpdateUserStatusTool\UpdateUserStatusTool.csproj", "{CE38C3A5-2F7E-4321-B089-9CF080DA0905}"
EndProject
Project("{9A19103F-16F7-4668-BE54-9A1E7A4F7556}") = "Covid19Radar.Functions.Common", "..\..\Covid19Radar.Functions.Common\Covid19Radar.Functions.Common.csproj", "{05C0298B-35B1-4D3F-8DF3-48CFD2C161D9}"
EndProject
Global
	GlobalSection(SolutionConfigurationPlatforms) = preSolution
		Debug|Any CPU = Debug|Any CPU
		Release|Any CPU = Release|Any CPU
	EndGlobalSection
	GlobalSection(ProjectConfigurationPlatforms) = postSolution
		{CE38C3A5-2F7E-4321-B089-9CF080DA0905}.Debug|Any CPU.ActiveCfg = Debug|Any CPU
		{CE38C3A5-2F7E-4321-B089-9CF080DA0905}.Debug|Any CPU.Build.0 = Debug|Any CPU
		{CE38C3A5-2F7E-4321-B089-9CF080DA0905}.Release|Any CPU.ActiveCfg = Release|Any CPU
		{CE38C3A5-2F7E-4321-B089-9CF080DA0905}.Release|Any CPU.Build.0 = Release|Any CPU
		{05C0298B-35B1-4D3F-8DF3-48CFD2C161D9}.Debug|Any CPU.ActiveCfg = Debug|Any CPU
		{05C0298B-35B1-4D3F-8DF3-48CFD2C161D9}.Debug|Any CPU.Build.0 = Debug|Any CPU
		{05C0298B-35B1-4D3F-8DF3-48CFD2C161D9}.Release|Any CPU.ActiveCfg = Release|Any CPU
		{05C0298B-35B1-4D3F-8DF3-48CFD2C161D9}.Release|Any CPU.Build.0 = Release|Any CPU
	EndGlobalSection
	GlobalSection(SolutionProperties) = preSolution
		HideSolutionNode = FALSE
	EndGlobalSection
	GlobalSection(ExtensibilityGlobals) = postSolution
		SolutionGuid = {7A6182E9-9480-4307-A29B-94A5ADB3E74D}
	EndGlobalSection
EndGlobal
