
Microsoft Visual Studio Solution File, Format Version 12.00
# Visual Studio Version 16
VisualStudioVersion = 16.0.30128.74
MinimumVisualStudioVersion = 10.0.40219.1
Project("{FAE04EC0-301F-11D3-BF4B-00C04F79EFBC}") = "GenerateKeys", "GenerateKeys\GenerateKeys.csproj", "{93646E20-9429-4440-9288-33370372BE98}"
EndProject
Global
	GlobalSection(SolutionConfigurationPlatforms) = preSolution
		Debug|Any CPU = Debug|Any CPU
		Release|Any CPU = Release|Any CPU
	EndGlobalSection
	GlobalSection(ProjectConfigurationPlatforms) = postSolution
		{93646E20-9429-4440-9288-33370372BE98}.Debug|Any CPU.ActiveCfg = Debug|Any CPU
		{93646E20-9429-4440-9288-33370372BE98}.Debug|Any CPU.Build.0 = Debug|Any CPU
		{93646E20-9429-4440-9288-33370372BE98}.Release|Any CPU.ActiveCfg = Release|Any CPU
		{93646E20-9429-4440-9288-33370372BE98}.Release|Any CPU.Build.0 = Release|Any CPU
	EndGlobalSection
	GlobalSection(SolutionProperties) = preSolution
		HideSolutionNode = FALSE
	EndGlobalSection
	GlobalSection(ExtensibilityGlobals) = postSolution
		SolutionGuid = {D143F2D3-9C1C-41AF-80BA-A055E8FE8400}
	EndGlobalSection
EndGlobal
