
Microsoft Visual Studio Solution File, Format Version 12.00
# Visual Studio Version 16
VisualStudioVersion = 16.0.30128.74
MinimumVisualStudioVersion = 10.0.40219.1
Project("{FAE04EC0-301F-11D3-BF4B-00C04F79EFBC}") = "ConvertBase64", "ConvertBase64\ConvertBase64.csproj", "{740F6492-305B-40BF-9E80-4B9E7BC7F9BF}"
EndProject
Global
	GlobalSection(SolutionConfigurationPlatforms) = preSolution
		Debug|Any CPU = Debug|Any CPU
		Release|Any CPU = Release|Any CPU
	EndGlobalSection
	GlobalSection(ProjectConfigurationPlatforms) = postSolution
		{740F6492-305B-40BF-9E80-4B9E7BC7F9BF}.Debug|Any CPU.ActiveCfg = Debug|Any CPU
		{740F6492-305B-40BF-9E80-4B9E7BC7F9BF}.Debug|Any CPU.Build.0 = Debug|Any CPU
		{740F6492-305B-40BF-9E80-4B9E7BC7F9BF}.Release|Any CPU.ActiveCfg = Release|Any CPU
		{740F6492-305B-40BF-9E80-4B9E7BC7F9BF}.Release|Any CPU.Build.0 = Release|Any CPU
	EndGlobalSection
	GlobalSection(SolutionProperties) = preSolution
		HideSolutionNode = FALSE
	EndGlobalSection
	GlobalSection(ExtensibilityGlobals) = postSolution
		SolutionGuid = {68D6273C-552C-4D88-B6DD-37081BF6E0B6}
	EndGlobalSection
EndGlobal
